PODS:
  - audio_session (0.0.1):
    - Flutter
  - audioplayers_darwin (0.0.1):
    - Flutter
  - cached_video_player (0.0.2):
    - Flutter
    - KTVHTTPCache (~> 2.0.0)
  - cloudpayments (0.0.1):
    - Flutter
  - CocoaAsyncSocket (7.6.5)
  - Flutter (1.0.0)
  - flutter_share (0.0.1):
    - Flutter
  - flutter_sound (9.2.13):
    - Flutter
    - flutter_sound_core (= 9.2.13)
  - flutter_sound_core (9.2.13)
  - FMDB (2.7.5):
    - FMDB/standard (= 2.7.5)
  - FMDB/standard (2.7.5)
  - geolocator_apple (1.2.0):
    - Flutter
  - google_maps_flutter_ios (0.0.1):
    - Flutter
    - GoogleMaps
  - GoogleMaps (6.2.1):
    - GoogleMaps/Maps (= 6.2.1)
  - GoogleMaps/Base (6.2.1)
  - GoogleMaps/Maps (6.2.1):
    - GoogleMaps/Base
  - image_picker_ios (0.0.1):
    - Flutter
  - KTVCocoaHTTPServer (1.0.0):
    - CocoaAsyncSocket
  - KTVHTTPCache (2.0.1):
    - KTVCocoaHTTPServer
  - libwebp (1.2.4):
    - libwebp/demux (= 1.2.4)
    - libwebp/mux (= 1.2.4)
    - libwebp/webp (= 1.2.4)
  - libwebp/demux (1.2.4):
    - libwebp/webp
  - libwebp/mux (1.2.4):
    - libwebp/demux
  - libwebp/webp (1.2.4)
  - local_auth_ios (0.0.1):
    - Flutter
  - onesignal_flutter (3.5.1):
    - Flutter
    - OneSignalXCFramework (= 3.12.4)
  - OneSignalXCFramework (3.12.4):
    - OneSignalXCFramework/OneSignalCore (= 3.12.4)
    - OneSignalXCFramework/OneSignalExtension (= 3.12.4)
    - OneSignalXCFramework/OneSignalOutcomes (= 3.12.4)
  - OneSignalXCFramework/OneSignalCore (3.12.4)
  - OneSignalXCFramework/OneSignalExtension (3.12.4):
    - OneSignalXCFramework/OneSignalCore
    - OneSignalXCFramework/OneSignalOutcomes
  - OneSignalXCFramework/OneSignalOutcomes (3.12.4):
    - OneSignalXCFramework/OneSignalCore
  - path_provider_foundation (0.0.1):
    - Flutter
    - FlutterMacOS
  - permission_handler_apple (9.0.4):
    - Flutter
  - shared_preferences_foundation (0.0.1):
    - Flutter
    - FlutterMacOS
  - sqflite (0.0.3):
    - Flutter
    - FMDB (>= 2.7.5)
  - uni_links (0.0.1):
    - Flutter
  - video_player_avfoundation (0.0.1):
    - Flutter
  - video_thumbnail (0.0.1):
    - Flutter
    - libwebp
  - webview_flutter_wkwebview (0.0.1):
    - Flutter

DEPENDENCIES:
  - audio_session (from `.symlinks/plugins/audio_session/ios`)
  - audioplayers_darwin (from `.symlinks/plugins/audioplayers_darwin/ios`)
  - cached_video_player (from `.symlinks/plugins/cached_video_player/ios`)
  - cloudpayments (from `.symlinks/plugins/cloudpayments/ios`)
  - Flutter (from `Flutter`)
  - flutter_share (from `.symlinks/plugins/flutter_share/ios`)
  - flutter_sound (from `.symlinks/plugins/flutter_sound/ios`)
  - geolocator_apple (from `.symlinks/plugins/geolocator_apple/ios`)
  - google_maps_flutter_ios (from `.symlinks/plugins/google_maps_flutter_ios/ios`)
  - image_picker_ios (from `.symlinks/plugins/image_picker_ios/ios`)
  - local_auth_ios (from `.symlinks/plugins/local_auth_ios/ios`)
  - onesignal_flutter (from `.symlinks/plugins/onesignal_flutter/ios`)
  - OneSignalXCFramework (< 4.0, >= 3.4.3)
  - path_provider_foundation (from `.symlinks/plugins/path_provider_foundation/ios`)
  - permission_handler_apple (from `.symlinks/plugins/permission_handler_apple/ios`)
  - shared_preferences_foundation (from `.symlinks/plugins/shared_preferences_foundation/ios`)
  - sqflite (from `.symlinks/plugins/sqflite/ios`)
  - uni_links (from `.symlinks/plugins/uni_links/ios`)
  - video_player_avfoundation (from `.symlinks/plugins/video_player_avfoundation/ios`)
  - video_thumbnail (from `.symlinks/plugins/video_thumbnail/ios`)
  - webview_flutter_wkwebview (from `.symlinks/plugins/webview_flutter_wkwebview/ios`)

SPEC REPOS:
  trunk:
    - CocoaAsyncSocket
    - flutter_sound_core
    - FMDB
    - GoogleMaps
    - KTVCocoaHTTPServer
    - KTVHTTPCache
    - libwebp
    - OneSignalXCFramework

EXTERNAL SOURCES:
  audio_session:
    :path: ".symlinks/plugins/audio_session/ios"
  audioplayers_darwin:
    :path: ".symlinks/plugins/audioplayers_darwin/ios"
  cached_video_player:
    :path: ".symlinks/plugins/cached_video_player/ios"
  cloudpayments:
    :path: ".symlinks/plugins/cloudpayments/ios"
  Flutter:
    :path: Flutter
  flutter_share:
    :path: ".symlinks/plugins/flutter_share/ios"
  flutter_sound:
    :path: ".symlinks/plugins/flutter_sound/ios"
  geolocator_apple:
    :path: ".symlinks/plugins/geolocator_apple/ios"
  google_maps_flutter_ios:
    :path: ".symlinks/plugins/google_maps_flutter_ios/ios"
  image_picker_ios:
    :path: ".symlinks/plugins/image_picker_ios/ios"
  local_auth_ios:
    :path: ".symlinks/plugins/local_auth_ios/ios"
  onesignal_flutter:
    :path: ".symlinks/plugins/onesignal_flutter/ios"
  path_provider_foundation:
    :path: ".symlinks/plugins/path_provider_foundation/ios"
  permission_handler_apple:
    :path: ".symlinks/plugins/permission_handler_apple/ios"
  shared_preferences_foundation:
    :path: ".symlinks/plugins/shared_preferences_foundation/ios"
  sqflite:
    :path: ".symlinks/plugins/sqflite/ios"
  uni_links:
    :path: ".symlinks/plugins/uni_links/ios"
  video_player_avfoundation:
    :path: ".symlinks/plugins/video_player_avfoundation/ios"
  video_thumbnail:
    :path: ".symlinks/plugins/video_thumbnail/ios"
  webview_flutter_wkwebview:
    :path: ".symlinks/plugins/webview_flutter_wkwebview/ios"

SPEC CHECKSUMS:
  audio_session: 4f3e461722055d21515cf3261b64c973c062f345
  audioplayers_darwin: 877d9a4d06331c5c374595e46e16453ac7eafa40
  cached_video_player: 9f225ed1c46bda0fe287b8288742329d441e2cc5
  cloudpayments: 26acbe36b5e153d23ed1b9093da941a2638a6396
  CocoaAsyncSocket: 065fd1e645c7abab64f7a6a2007a48038fdc6a99
  Flutter: f04841e97a9d0b0a8025694d0796dd46242b2854
  flutter_share: 4be0208963c60b537e6255ed2ce1faae61cd9ac2
  flutter_sound: c60effa2a350fb977885f0db2fbc4c1ad5160900
  flutter_sound_core: 26c10e5832e76aaacfae252d8925232281c486ae
  FMDB: 2ce00b547f966261cd18927a3ddb07cb6f3db82a
  geolocator_apple: cc556e6844d508c95df1e87e3ea6fa4e58c50401
  google_maps_flutter_ios: 3e0b99383a8003b8169d06e7e324170bd0424105
  GoogleMaps: 20d7b12be49a14287f797e88e0e31bc4156aaeb4
  image_picker_ios: 4a8aadfbb6dc30ad5141a2ce3832af9214a705b5
  KTVCocoaHTTPServer: df8d7b861e603ff8037e9b2138aca2563a6b768d
  KTVHTTPCache: 588c3eb16f6bd1e6fde1e230dabfb7bd4e490a4d
  libwebp: f62cb61d0a484ba548448a4bd52aabf150ff6eef
  local_auth_ios: c6cf091ded637a88f24f86a8875d8b0f526e2605
  onesignal_flutter: b8ac01bc3ebe47e798d7d775455c3a9b5b84f1c5
  OneSignalXCFramework: 087934ab0d4d7445fcf1c015c7c782359e26c020
  path_provider_foundation: eaf5b3e458fc0e5fbb9940fb09980e853fe058b8
  permission_handler_apple: 44366e37eaf29454a1e7b1b7d736c2cceaeb17ce
  shared_preferences_foundation: e2dae3258e06f44cc55f49d42024fd8dd03c590c
  sqflite: 31f7eba61e3074736dff8807a9b41581e4f7f15a
  uni_links: d97da20c7701486ba192624d99bffaaffcfc298a
  video_player_avfoundation: 81e49bb3d9fb63dccf9fa0f6d877dc3ddbeac126
  video_thumbnail: c4e2a3c539e247d4de13cd545344fd2d26ffafd1
  webview_flutter_wkwebview: 2e2d318f21a5e036e2c3f26171342e95908bd60a

PODFILE CHECKSUM: af846aff78371a13563e90376d2372a6c0304939

COCOAPODS: 1.12.1
